
Microsoft Visual Studio Solution File, Format Version 12.00
# Visual Studio Version 17
VisualStudioVersion = 17.14.36221.1
MinimumVisualStudioVersion = 10.0.40219.1
Project("{FAE04EC0-301F-11D3-BF4B-00C04F79EFBC}") = "EF03", "EF03\EF03.csproj", "{48B308DF-5901-404D-B7B7-22E48ACA1B58}"
EndProject
Project("{FAE04EC0-301F-11D3-BF4B-00C04F79EFBC}") = "InheiratenceExample", "InheiratenceExample\InheiratenceExample.csproj", "{5D03DE7A-3447-46C7-915E-94F01E76D63C}"
EndProject
Project("{FAE04EC0-301F-11D3-BF4B-00C04F79EFBC}") = "DB First", "DB First\DB First.csproj", "{AC845A0C-D03F-4B89-9918-49E6207931E5}"
EndProject
Project("{FAE04EC0-301F-11D3-BF4B-00C04F79EFBC}") = "DB First Using EF Core Power Tools", "DB First Using EF Core Power Tools\DB First Using EF Core Power Tools.csproj", "{3341EF93-8CD7-45BF-A3DA-0CFD94B4432A}"
EndProject
Project("{FAE04EC0-301F-11D3-BF4B-00C04F79EFBC}") = "DBFirstPowerToolsTested", "DBFirstPowerToolsTested\DBFirstPowerToolsTested.csproj", "{4D959D9A-DBCA-45E0-BBEA-8ABAC1FFDD27}"
EndProject
Global
	GlobalSection(SolutionConfigurationPlatforms) = preSolution
		Debug|Any CPU = Debug|Any CPU
		Release|Any CPU = Release|Any CPU
	EndGlobalSection
	GlobalSection(ProjectConfigurationPlatforms) = postSolution
		{48B308DF-5901-404D-B7B7-22E48ACA1B58}.Debug|Any CPU.ActiveCfg = Debug|Any CPU
		{48B308DF-5901-404D-B7B7-22E48ACA1B58}.Debug|Any CPU.Build.0 = Debug|Any CPU
		{48B308DF-5901-404D-B7B7-22E48ACA1B58}.Release|Any CPU.ActiveCfg = Release|Any CPU
		{48B308DF-5901-404D-B7B7-22E48ACA1B58}.Release|Any CPU.Build.0 = Release|Any CPU
		{5D03DE7A-3447-46C7-915E-94F01E76D63C}.Debug|Any CPU.ActiveCfg = Debug|Any CPU
		{5D03DE7A-3447-46C7-915E-94F01E76D63C}.Debug|Any CPU.Build.0 = Debug|Any CPU
		{5D03DE7A-3447-46C7-915E-94F01E76D63C}.Release|Any CPU.ActiveCfg = Release|Any CPU
		{5D03DE7A-3447-46C7-915E-94F01E76D63C}.Release|Any CPU.Build.0 = Release|Any CPU
		{AC845A0C-D03F-4B89-9918-49E6207931E5}.Debug|Any CPU.ActiveCfg = Debug|Any CPU
		{AC845A0C-D03F-4B89-9918-49E6207931E5}.Debug|Any CPU.Build.0 = Debug|Any CPU
		{AC845A0C-D03F-4B89-9918-49E6207931E5}.Release|Any CPU.ActiveCfg = Release|Any CPU
		{AC845A0C-D03F-4B89-9918-49E6207931E5}.Release|Any CPU.Build.0 = Release|Any CPU
		{3341EF93-8CD7-45BF-A3DA-0CFD94B4432A}.Debug|Any CPU.ActiveCfg = Debug|Any CPU
		{3341EF93-8CD7-45BF-A3DA-0CFD94B4432A}.Debug|Any CPU.Build.0 = Debug|Any CPU
		{3341EF93-8CD7-45BF-A3DA-0CFD94B4432A}.Release|Any CPU.ActiveCfg = Release|Any CPU
		{3341EF93-8CD7-45BF-A3DA-0CFD94B4432A}.Release|Any CPU.Build.0 = Release|Any CPU
		{4D959D9A-DBCA-45E0-BBEA-8ABAC1FFDD27}.Debug|Any CPU.ActiveCfg = Debug|Any CPU
		{4D959D9A-DBCA-45E0-BBEA-8ABAC1FFDD27}.Debug|Any CPU.Build.0 = Debug|Any CPU
		{4D959D9A-DBCA-45E0-BBEA-8ABAC1FFDD27}.Release|Any CPU.ActiveCfg = Release|Any CPU
		{4D959D9A-DBCA-45E0-BBEA-8ABAC1FFDD27}.Release|Any CPU.Build.0 = Release|Any CPU
	EndGlobalSection
	GlobalSection(SolutionProperties) = preSolution
		HideSolutionNode = FALSE
	EndGlobalSection
	GlobalSection(ExtensibilityGlobals) = postSolution
		SolutionGuid = {4589D0A5-9E0B-49C8-B729-1152937BDFA7}
	EndGlobalSection
EndGlobal
